// !$*UTF8*$!
{
	archiveVersion = 1;
	classes = {
	};
	objectVersion = 46;
	objects = {
/* Begin PBXBuildFile section */
		1D3623260D0F684500981E51 /* AppDelegate.m in Sources */ = {isa = PBXBuildFile; fileRef = 1D3623250D0F684500981E51 /* AppDelegate.m */; };
		1D60589B0D05DD56006BFB54 /* main.m in Sources */ = {isa = PBXBuildFile; fileRef = 29B97316FDCFA39411CA2CEA /* main.m */; };
		1F766FE113BBADB100FB74C0 /* Localizable.strings in Resources */ = {isa = PBXBuildFile; fileRef = 1F766FDC13BBADB100FB74C0 /* Localizable.strings */; };
		288765FD0DF74451002DB57D /* CoreGraphics.framework in Frameworks */ = {isa = PBXBuildFile; fileRef = 288765FC0DF74451002DB57D /* CoreGraphics.framework */; };
		301BF552109A68D80062928A /* libCordova.a in Frameworks */ = {isa = PBXBuildFile; fileRef = 301BF535109A57CC0062928A /* libCordova.a */; };
		302D95F114D2391D003F00A1 /* MainViewController.m in Sources */ = {isa = PBXBuildFile; fileRef = 302D95EF14D2391D003F00A1 /* MainViewController.m */; };
		302D95F214D2391D003F00A1 /* MainViewController.xib in Resources */ = {isa = PBXBuildFile; fileRef = 302D95F014D2391D003F00A1 /* MainViewController.xib */; };
		305D5FD1115AB8F900A74A75 /* MobileCoreServices.framework in Frameworks */ = {isa = PBXBuildFile; fileRef = 305D5FD0115AB8F900A74A75 /* MobileCoreServices.framework */; };
		3088BBBD154F3926009F9C59 /* Default-Landscape@2x~ipad.png in Resources */ = {isa = PBXBuildFile; fileRef = 3088BBB7154F3926009F9C59 /* Default-Landscape@2x~ipad.png */; };
		3088BBBE154F3926009F9C59 /* Default-Landscape~ipad.png in Resources */ = {isa = PBXBuildFile; fileRef = 3088BBB8154F3926009F9C59 /* Default-Landscape~ipad.png */; };
		3088BBBF154F3926009F9C59 /* Default-Portrait@2x~ipad.png in Resources */ = {isa = PBXBuildFile; fileRef = 3088BBB9154F3926009F9C59 /* Default-Portrait@2x~ipad.png */; };
		3088BBC0154F3926009F9C59 /* Default-Portrait~ipad.png in Resources */ = {isa = PBXBuildFile; fileRef = 3088BBBA154F3926009F9C59 /* Default-Portrait~ipad.png */; };
		3088BBC1154F3926009F9C59 /* Default@2x~iphone.png in Resources */ = {isa = PBXBuildFile; fileRef = 3088BBBB154F3926009F9C59 /* Default@2x~iphone.png */; };
		3088BBC2154F3926009F9C59 /* Default~iphone.png in Resources */ = {isa = PBXBuildFile; fileRef = 3088BBBC154F3926009F9C59 /* Default~iphone.png */; };
		308D05371370CCF300D202BF /* icon-72.png in Resources */ = {isa = PBXBuildFile; fileRef = 308D052E1370CCF300D202BF /* icon-72.png */; };
		308D05381370CCF300D202BF /* icon.png in Resources */ = {isa = PBXBuildFile; fileRef = 308D052F1370CCF300D202BF /* icon.png */; };
		308D05391370CCF300D202BF /* icon@2x.png in Resources */ = {isa = PBXBuildFile; fileRef = 308D05301370CCF300D202BF /* icon@2x.png */; };
		30A0434814DC770100060A13 /* Localizable.strings in Resources */ = {isa = PBXBuildFile; fileRef = 30A0434314DC770100060A13 /* Localizable.strings */; };
		30FC414916E50CA1004E6F35 /* icon-72@2x.png in Resources */ = {isa = PBXBuildFile; fileRef = 30FC414816E50CA1004E6F35 /* icon-72@2x.png */; };
		5AEE5B35173C68D80009041E /* CoreLocation.framework in Frameworks */ = {isa = PBXBuildFile; fileRef = 5AEE5B34173C68D80009041E /* CoreLocation.framework */; };
		5B1594DD16A7569C00FEF299 /* AssetsLibrary.framework in Frameworks */ = {isa = PBXBuildFile; fileRef = 5B1594DC16A7569C00FEF299 /* AssetsLibrary.framework */; };
		7E7966DE1810823500FA85AD /* icon-40.png in Resources */ = {isa = PBXBuildFile; fileRef = 7E7966D41810823500FA85AD /* icon-40.png */; };
		7E7966DF1810823500FA85AD /* icon-40@2x.png in Resources */ = {isa = PBXBuildFile; fileRef = 7E7966D51810823500FA85AD /* icon-40@2x.png */; };
		7E7966E01810823500FA85AD /* icon-50.png in Resources */ = {isa = PBXBuildFile; fileRef = 7E7966D61810823500FA85AD /* icon-50.png */; };
		7E7966E11810823500FA85AD /* icon-50@2x.png in Resources */ = {isa = PBXBuildFile; fileRef = 7E7966D71810823500FA85AD /* icon-50@2x.png */; };
		7E7966E21810823500FA85AD /* icon-60.png in Resources */ = {isa = PBXBuildFile; fileRef = 7E7966D81810823500FA85AD /* icon-60.png */; };
		7E7966E31810823500FA85AD /* icon-60@2x.png in Resources */ = {isa = PBXBuildFile; fileRef = 7E7966D91810823500FA85AD /* icon-60@2x.png */; };
		7E7966E41810823500FA85AD /* icon-76.png in Resources */ = {isa = PBXBuildFile; fileRef = 7E7966DA1810823500FA85AD /* icon-76.png */; };
		7E7966E51810823500FA85AD /* icon-76@2x.png in Resources */ = {isa = PBXBuildFile; fileRef = 7E7966DB1810823500FA85AD /* icon-76@2x.png */; };
		7E7966E61810823500FA85AD /* icon-small.png in Resources */ = {isa = PBXBuildFile; fileRef = 7E7966DC1810823500FA85AD /* icon-small.png */; };
		7E7966E71810823500FA85AD /* icon-small@2x.png in Resources */ = {isa = PBXBuildFile; fileRef = 7E7966DD1810823500FA85AD /* icon-small@2x.png */; };
		D4A0D8761607E02300AEF8BB /* Default-568h@2x~iphone.png in Resources */ = {isa = PBXBuildFile; fileRef = D4A0D8751607E02300AEF8BB /* Default-568h@2x~iphone.png */; };
		D9F418D47F4F4AFDA16D79C9 /* CDVLogger.m in Sources */ = {isa = PBXBuildFile; fileRef = E32E59D756A04E4097186163 /* CDVLogger.m */; };
		F8BC4754ACB140BBA3C2A2E4 /* CDVDevice.m in Sources */ = {isa = PBXBuildFile; fileRef = A799738A318347C0B6C0FF4E /* CDVDevice.m */; };
		2FACD65C19E749928F375103 /* CDVStatusBar.m in Sources */ = {isa = PBXBuildFile; fileRef = 85BCF1C1E4CC4760ACAB223C /* CDVStatusBar.m */; };
		4DD54906608C42B492D573F2 /* libscanditsdk-iphone-3.2.1.a in Frameworks */ = {isa = PBXBuildFile; fileRef = C09C8D47516F4444955B8DD0 /* libscanditsdk-iphone-3.2.1.a */; };
		08CC382098684BA6848DE5F0 /* ScanditSDK.mm in Resources */ = {isa = PBXBuildFile; fileRef = 2E82595FF50848F8881238BD /* ScanditSDK.mm */; };
		0DEB86C02CC548A2B354A6D5 /* ScanditSDKRotatingBarcodePicker.m in Sources */ = {isa = PBXBuildFile; fileRef = D336B7D9F5124458B17E28E1 /* ScanditSDKRotatingBarcodePicker.m */; };
		2DF47163159A42E991577F7E /* beep.wav in Resources */ = {isa = PBXBuildFile; fileRef = 530E10C401624A51B3160548 /* beep.wav */; };
		94F941575949476FA00BCF9D /* empty.cpp in Resources */ = {isa = PBXBuildFile; fileRef = A3B28B3D35C549C189FA29F5 /* empty.cpp */; };
		5B5CC0DF98CE4639AD2CF7E0 /* poweredby.png in Resources */ = {isa = PBXBuildFile; fileRef = 9C36A6753B9F49C3AD449C0B /* poweredby.png */; };
		1A53A0A8C0584899B73915A1 /* poweredby@2x.png in Resources */ = {isa = PBXBuildFile; fileRef = 27F059185D2A4FCCB7A2C270 /* poweredby@2x.png */; };
		D0A320B175B0450398CDFA2D /* flashlight-turn-off-icon.png in Resources */ = {isa = PBXBuildFile; fileRef = 51E3A9126E394B79BCE9E9E4 /* flashlight-turn-off-icon.png */; };
		A543B0D5CC0D4F598A07ADB9 /* flashlight-turn-off-icon@2x.png in Resources */ = {isa = PBXBuildFile; fileRef = EDF7CB277DE7462BBE165E32 /* flashlight-turn-off-icon@2x.png */; };
		2AD9573B42E14ECC83C0EA08 /* flashlight-turn-on-icon.png in Resources */ = {isa = PBXBuildFile; fileRef = 0543209D92DB4E4FABC785C6 /* flashlight-turn-on-icon.png */; };
		DBBDE50DF44F4CE4A38E2438 /* flashlight-turn-on-icon@2x.png in Resources */ = {isa = PBXBuildFile; fileRef = 841AF3E36C0F49F1A59B5FBA /* flashlight-turn-on-icon@2x.png */; };
		FC5E428FB9974396B92AABAB /* flashlight-turn-off-icon-pressed.png in Resources */ = {isa = PBXBuildFile; fileRef = 6B8D7C7ACB964C2D8FFF91A2 /* flashlight-turn-off-icon-pressed.png */; };
		061A6B11806B48EB8FCE1909 /* flashlight-turn-off-icon-pressed@2x.png in Resources */ = {isa = PBXBuildFile; fileRef = 61987ED7C1364E47B0D1FEB5 /* flashlight-turn-off-icon-pressed@2x.png */; };
		AEA361E27EF14404B58345F5 /* flashlight-turn-on-icon-pressed.png in Resources */ = {isa = PBXBuildFile; fileRef = 3382228D67A94C2C98D2EE5F /* flashlight-turn-on-icon-pressed.png */; };
		5B74ED38B93843E6966BC0F6 /* flashlight-turn-on-icon-pressed@2x.png in Resources */ = {isa = PBXBuildFile; fileRef = 5595B84BAC8442B3AB980D78 /* flashlight-turn-on-icon-pressed@2x.png */; };
		128F1CFCC8BA43BEBF5F140E /* camera-swap-icon-pressed.png in Resources */ = {isa = PBXBuildFile; fileRef = 0156665D28DB4340972363EA /* camera-swap-icon-pressed.png */; };
		440800B0847C4E36AF3FB2DF /* camera-swap-icon-pressed@2x.png in Resources */ = {isa = PBXBuildFile; fileRef = D203CB29E9EC499A81D3146A /* camera-swap-icon-pressed@2x.png */; };
		460E39E05CC04F54A4F7A294 /* camera-swap-icon.png in Resources */ = {isa = PBXBuildFile; fileRef = 22552BD185904C8DB930C328 /* camera-swap-icon.png */; };
		E2C3726704254648947745D5 /* camera-swap-icon@2x.png in Resources */ = {isa = PBXBuildFile; fileRef = 5419B0C6010347BF8F8C99DA /* camera-swap-icon@2x.png */; };
		F8AE53E7AFEF474B9067170F /* AudioToolbox.framework in Frameworks */ = {isa = PBXBuildFile; fileRef = FFEE608EA1BA423E9CCB34F2 /* AudioToolbox.framework */; };
		BBA3664AFB6A4FCF80B34442 /* AVFoundation.framework in Frameworks */ = {isa = PBXBuildFile; fileRef = 460FDABDEE5D4771BC250841 /* AVFoundation.framework */; };
		CE5EB27B25454B05983D05FB /* CoreMedia.framework in Frameworks */ = {isa = PBXBuildFile; fileRef = B4D0253536654012AEB4577E /* CoreMedia.framework */; };
		69050A3FB82349B88944A414 /* CoreVideo.framework in Frameworks */ = {isa = PBXBuildFile; fileRef = 925E825F8858494AB395798E /* CoreVideo.framework */; };
		4F682D60D2064ED7BFD8B061 /* QuartzCore.framework in Frameworks */ = {isa = PBXBuildFile; fileRef = 349ECD1470A047E3826CA1DB /* QuartzCore.framework */; };
		5337BCC44A3D4CAAA9452974 /* SystemConfiguration.framework in Frameworks */ = {isa = PBXBuildFile; fileRef = E7E1A0DB401F476F815FDDD2 /* SystemConfiguration.framework */; };
		A7A7B3AA116A4CBE932961EE /* libiconv.dylib in Frameworks */ = {isa = PBXBuildFile; fileRef = 2903D578F5D349CAAA9865B3 /* libiconv.dylib */; };
		26B50B1124154542B0235968 /* libz.dylib in Frameworks */ = {isa = PBXBuildFile; fileRef = 1DF0DA59CB044BB4902CBBD7 /* libz.dylib */; };
		2E058D9C63AA484CAC83792B /* libc++.dylib in Frameworks */ = {isa = PBXBuildFile; fileRef = 12986D92EBEB445E914E69AB /* libc++.dylib */; };
/* End PBXBuildFile section */

/* Begin PBXContainerItemProxy section */
		301BF534109A57CC0062928A /* PBXContainerItemProxy */ = {
			isa = PBXContainerItemProxy;
			containerPortal = 301BF52D109A57CC0062928A /* CordovaLib.xcodeproj */;
			proxyType = 2;
			remoteGlobalIDString = D2AAC07E0554694100DB518D;
			remoteInfo = CordovaLib;
		};
		301BF550109A68C00062928A /* PBXContainerItemProxy */ = {
			isa = PBXContainerItemProxy;
			containerPortal = 301BF52D109A57CC0062928A /* CordovaLib.xcodeproj */;
			proxyType = 1;
			remoteGlobalIDString = D2AAC07D0554694100DB518D;
			remoteInfo = CordovaLib;
		};
/* End PBXContainerItemProxy section */

/* Begin PBXFileReference section */
		1D3623240D0F684500981E51 /* AppDelegate.h */ = {isa = PBXFileReference; fileEncoding = 4; lastKnownFileType = sourcecode.c.h; path = AppDelegate.h; sourceTree = "<group>"; };
		1D3623250D0F684500981E51 /* AppDelegate.m */ = {isa = PBXFileReference; fileEncoding = 4; lastKnownFileType = sourcecode.c.objc; path = AppDelegate.m; sourceTree = "<group>"; };
		1D6058910D05DD3D006BFB54 /* CommonPot2.app */ = {isa = PBXFileReference; explicitFileType = wrapper.application; includeInIndex = 0; path = "CommonPot2.app"; sourceTree = BUILT_PRODUCTS_DIR; };
		1F766FDD13BBADB100FB74C0 /* en */ = {isa = PBXFileReference; lastKnownFileType = text.plist.strings; name = en; path = Localizable.strings; sourceTree = "<group>"; };
		1F766FE013BBADB100FB74C0 /* es */ = {isa = PBXFileReference; lastKnownFileType = text.plist.strings; name = es; path = Localizable.strings; sourceTree = "<group>"; };
		288765FC0DF74451002DB57D /* CoreGraphics.framework */ = {isa = PBXFileReference; lastKnownFileType = wrapper.framework; name = CoreGraphics.framework; path = System/Library/Frameworks/CoreGraphics.framework; sourceTree = SDKROOT; };
		29B97316FDCFA39411CA2CEA /* main.m */ = {isa = PBXFileReference; fileEncoding = 4; lastKnownFileType = sourcecode.c.objc; path = main.m; sourceTree = "<group>"; };
		301BF52D109A57CC0062928A /* CordovaLib.xcodeproj */ = {isa = PBXFileReference; lastKnownFileType = "wrapper.pb-project"; name = CordovaLib.xcodeproj; path = "CordovaLib/CordovaLib.xcodeproj"; sourceTree = "<group>"; };
		301BF56E109A69640062928A /* www */ = {isa = PBXFileReference; lastKnownFileType = folder; path = www; sourceTree = SOURCE_ROOT; };
		302D95EE14D2391D003F00A1 /* MainViewController.h */ = {isa = PBXFileReference; fileEncoding = 4; lastKnownFileType = sourcecode.c.h; path = MainViewController.h; sourceTree = "<group>"; };
		302D95EF14D2391D003F00A1 /* MainViewController.m */ = {isa = PBXFileReference; fileEncoding = 4; lastKnownFileType = sourcecode.c.objc; path = MainViewController.m; sourceTree = "<group>"; };
		302D95F014D2391D003F00A1 /* MainViewController.xib */ = {isa = PBXFileReference; fileEncoding = 4; lastKnownFileType = file.xib; path = MainViewController.xib; sourceTree = "<group>"; };
		305D5FD0115AB8F900A74A75 /* MobileCoreServices.framework */ = {isa = PBXFileReference; lastKnownFileType = wrapper.framework; name = MobileCoreServices.framework; path = System/Library/Frameworks/MobileCoreServices.framework; sourceTree = SDKROOT; };
		3088BBB7154F3926009F9C59 /* Default-Landscape@2x~ipad.png */ = {isa = PBXFileReference; lastKnownFileType = image.png; path = "Default-Landscape@2x~ipad.png"; sourceTree = "<group>"; };
		3088BBB8154F3926009F9C59 /* Default-Landscape~ipad.png */ = {isa = PBXFileReference; lastKnownFileType = image.png; path = "Default-Landscape~ipad.png"; sourceTree = "<group>"; };
		3088BBB9154F3926009F9C59 /* Default-Portrait@2x~ipad.png */ = {isa = PBXFileReference; lastKnownFileType = image.png; path = "Default-Portrait@2x~ipad.png"; sourceTree = "<group>"; };
		3088BBBA154F3926009F9C59 /* Default-Portrait~ipad.png */ = {isa = PBXFileReference; lastKnownFileType = image.png; path = "Default-Portrait~ipad.png"; sourceTree = "<group>"; };
		3088BBBB154F3926009F9C59 /* Default@2x~iphone.png */ = {isa = PBXFileReference; lastKnownFileType = image.png; path = "Default@2x~iphone.png"; sourceTree = "<group>"; };
		3088BBBC154F3926009F9C59 /* Default~iphone.png */ = {isa = PBXFileReference; lastKnownFileType = image.png; path = "Default~iphone.png"; sourceTree = "<group>"; };
		308D052E1370CCF300D202BF /* icon-72.png */ = {isa = PBXFileReference; lastKnownFileType = image.png; path = "icon-72.png"; sourceTree = "<group>"; };
		308D052F1370CCF300D202BF /* icon.png */ = {isa = PBXFileReference; lastKnownFileType = image.png; path = icon.png; sourceTree = "<group>"; };
		308D05301370CCF300D202BF /* icon@2x.png */ = {isa = PBXFileReference; lastKnownFileType = image.png; path = "icon@2x.png"; sourceTree = "<group>"; };
		30A0434414DC770100060A13 /* de */ = {isa = PBXFileReference; lastKnownFileType = text.plist.strings; name = de; path = Localizable.strings; sourceTree = "<group>"; };
		30A0434714DC770100060A13 /* se */ = {isa = PBXFileReference; lastKnownFileType = text.plist.strings; name = se; path = Localizable.strings; sourceTree = "<group>"; };
		30FC414816E50CA1004E6F35 /* icon-72@2x.png */ = {isa = PBXFileReference; lastKnownFileType = image.png; path = "icon-72@2x.png"; sourceTree = "<group>"; };
		32CA4F630368D1EE00C91783 /* CommonPot2-Prefix.pch */ = {isa = PBXFileReference; fileEncoding = 4; lastKnownFileType = sourcecode.c.h; path = "CommonPot2-Prefix.pch"; sourceTree = "<group>"; };
		5AEE5B34173C68D80009041E /* CoreLocation.framework */ = {isa = PBXFileReference; lastKnownFileType = wrapper.framework; name = CoreLocation.framework; path = System/Library/Frameworks/CoreLocation.framework; sourceTree = SDKROOT; };
		5B1594DC16A7569C00FEF299 /* AssetsLibrary.framework */ = {isa = PBXFileReference; lastKnownFileType = wrapper.framework; name = AssetsLibrary.framework; path = System/Library/Frameworks/AssetsLibrary.framework; sourceTree = SDKROOT; };
		7E7966D41810823500FA85AD /* icon-40.png */ = {isa = PBXFileReference; lastKnownFileType = image.png; path = "icon-40.png"; sourceTree = "<group>"; };
		7E7966D51810823500FA85AD /* icon-40@2x.png */ = {isa = PBXFileReference; lastKnownFileType = image.png; path = "icon-40@2x.png"; sourceTree = "<group>"; };
		7E7966D61810823500FA85AD /* icon-50.png */ = {isa = PBXFileReference; lastKnownFileType = image.png; path = "icon-50.png"; sourceTree = "<group>"; };
		7E7966D71810823500FA85AD /* icon-50@2x.png */ = {isa = PBXFileReference; lastKnownFileType = image.png; path = "icon-50@2x.png"; sourceTree = "<group>"; };
		7E7966D81810823500FA85AD /* icon-60.png */ = {isa = PBXFileReference; lastKnownFileType = image.png; path = "icon-60.png"; sourceTree = "<group>"; };
		7E7966D91810823500FA85AD /* icon-60@2x.png */ = {isa = PBXFileReference; lastKnownFileType = image.png; path = "icon-60@2x.png"; sourceTree = "<group>"; };
		7E7966DA1810823500FA85AD /* icon-76.png */ = {isa = PBXFileReference; lastKnownFileType = image.png; path = "icon-76.png"; sourceTree = "<group>"; };
		7E7966DB1810823500FA85AD /* icon-76@2x.png */ = {isa = PBXFileReference; lastKnownFileType = image.png; path = "icon-76@2x.png"; sourceTree = "<group>"; };
		7E7966DC1810823500FA85AD /* icon-small.png */ = {isa = PBXFileReference; lastKnownFileType = image.png; path = "icon-small.png"; sourceTree = "<group>"; };
		7E7966DD1810823500FA85AD /* icon-small@2x.png */ = {isa = PBXFileReference; lastKnownFileType = image.png; path = "icon-small@2x.png"; sourceTree = "<group>"; };
		8D1107310486CEB800E47090 /* CommonPot2-Info.plist */ = {isa = PBXFileReference; fileEncoding = 4; lastKnownFileType = text.plist.xml; name = "CommonPot2-Info.plist"; path = "../CommonPot2-Info.plist"; plistStructureDefinitionIdentifier = "com.apple.xcode.plist.structure-definition.iphone.info-plist"; sourceTree = "<group>"; };
		D4A0D8751607E02300AEF8BB /* Default-568h@2x~iphone.png */ = {isa = PBXFileReference; lastKnownFileType = image.png; path = "Default-568h@2x~iphone.png"; sourceTree = "<group>"; };
		EB87FDF21871DA7A0020F90C /* merges */ = {isa = PBXFileReference; lastKnownFileType = folder; name = merges; path = ../../merges; sourceTree = "<group>"; };
		EB87FDF31871DA8E0020F90C /* www */ = {isa = PBXFileReference; lastKnownFileType = folder; name = www; path = ../../www; sourceTree = "<group>"; };
		EB87FDF41871DAF40020F90C /* config.xml */ = {isa = PBXFileReference; lastKnownFileType = text.xml; name = config.xml; path = ../../config.xml; sourceTree = "<group>"; };
		F840E1F0165FE0F500CFE078 /* config.xml */ = {isa = PBXFileReference; lastKnownFileType = text.xml; name = config.xml; path = "CommonPot2/config.xml"; sourceTree = "<group>"; };
		E32E59D756A04E4097186163 /* CDVLogger.m */ = {isa = PBXFileReference; lastKnownFileType = sourcecode.c.objc; name = "CDVLogger.m"; path = "org.apache.cordova.console/CDVLogger.m"; sourceTree = "<group>"; fileEncoding = 4; };
		216EFD68A12D422EB09C7C58 /* CDVLogger.h */ = {isa = PBXFileReference; lastKnownFileType = sourcecode.c.h; name = "CDVLogger.h"; path = "org.apache.cordova.console/CDVLogger.h"; sourceTree = "<group>"; fileEncoding = 4; };
		A799738A318347C0B6C0FF4E /* CDVDevice.m */ = {isa = PBXFileReference; lastKnownFileType = sourcecode.c.objc; name = "CDVDevice.m"; path = "org.apache.cordova.device/CDVDevice.m"; sourceTree = "<group>"; fileEncoding = 4; };
		2829D69E96A340E88F35E03A /* CDVDevice.h */ = {isa = PBXFileReference; lastKnownFileType = sourcecode.c.h; name = "CDVDevice.h"; path = "org.apache.cordova.device/CDVDevice.h"; sourceTree = "<group>"; fileEncoding = 4; };
		85BCF1C1E4CC4760ACAB223C /* CDVStatusBar.m */ = {isa = PBXFileReference; lastKnownFileType = sourcecode.c.objc; name = "CDVStatusBar.m"; path = "org.apache.cordova.statusbar/CDVStatusBar.m"; sourceTree = "<group>"; fileEncoding = 4; };
		302C3E288C2F4B45BE8668E3 /* CDVStatusBar.h */ = {isa = PBXFileReference; lastKnownFileType = sourcecode.c.h; name = "CDVStatusBar.h"; path = "org.apache.cordova.statusbar/CDVStatusBar.h"; sourceTree = "<group>"; fileEncoding = 4; };
		C09C8D47516F4444955B8DD0 /* libscanditsdk-iphone-3.2.1.a */ = {isa = PBXFileReference; lastKnownFileType = archive.ar; name = "libscanditsdk-iphone-3.2.1.a"; path = "CommonPot2/Plugins/com.mirasense.scanditsdk.plugin/ScanditSDK/libscanditsdk-iphone-3.2.1.a"; sourceTree = "<group>"; fileEncoding = 4; };
		2E82595FF50848F8881238BD /* ScanditSDK.mm */ = {isa = PBXFileReference; lastKnownFileType = unknown; name = "ScanditSDK.mm"; path = "com.mirasense.scanditsdk.plugin/ScanditSDK.mm"; sourceTree = "<group>"; fileEncoding = 4; };
		D336B7D9F5124458B17E28E1 /* ScanditSDKRotatingBarcodePicker.m */ = {isa = PBXFileReference; lastKnownFileType = sourcecode.c.objc; name = "ScanditSDKRotatingBarcodePicker.m"; path = "com.mirasense.scanditsdk.plugin/ScanditSDKRotatingBarcodePicker.m"; sourceTree = "<group>"; fileEncoding = 4; };
		4887AACB8E4F4BFEBF74D79E /* ScanditSDKBarcodePicker.h */ = {isa = PBXFileReference; lastKnownFileType = sourcecode.c.h; name = "ScanditSDKBarcodePicker.h"; path = "com.mirasense.scanditsdk.plugin/ScanditSDK/ScanditSDKBarcodePicker.h"; sourceTree = "<group>"; fileEncoding = 4; };
		6457CF6B7C0542B09ADD23C1 /* ScanditSDKOverlayController.h */ = {isa = PBXFileReference; lastKnownFileType = sourcecode.c.h; name = "ScanditSDKOverlayController.h"; path = "com.mirasense.scanditsdk.plugin/ScanditSDK/ScanditSDKOverlayController.h"; sourceTree = "<group>"; fileEncoding = 4; };
		3C6D912CAAEA47DF83785FE2 /* ScanditSDK.h */ = {isa = PBXFileReference; lastKnownFileType = sourcecode.c.h; name = "ScanditSDK.h"; path = "com.mirasense.scanditsdk.plugin/ScanditSDK.h"; sourceTree = "<group>"; fileEncoding = 4; };
		F2E76909165F47408F8BC17A /* ScanditSDKRotatingBarcodePicker.h */ = {isa = PBXFileReference; lastKnownFileType = sourcecode.c.h; name = "ScanditSDKRotatingBarcodePicker.h"; path = "com.mirasense.scanditsdk.plugin/ScanditSDKRotatingBarcodePicker.h"; sourceTree = "<group>"; fileEncoding = 4; };
		530E10C401624A51B3160548 /* beep.wav */ = {isa = PBXFileReference; lastKnownFileType = unknown; name = "beep.wav"; path = "beep.wav"; sourceTree = "<group>"; fileEncoding = 4; };
		A3B28B3D35C549C189FA29F5 /* empty.cpp */ = {isa = PBXFileReference; lastKnownFileType = unknown; name = "empty.cpp"; path = "empty.cpp"; sourceTree = "<group>"; fileEncoding = 4; };
		9C36A6753B9F49C3AD449C0B /* poweredby.png */ = {isa = PBXFileReference; lastKnownFileType = unknown; name = "poweredby.png"; path = "poweredby.png"; sourceTree = "<group>"; fileEncoding = 4; };
		27F059185D2A4FCCB7A2C270 /* poweredby@2x.png */ = {isa = PBXFileReference; lastKnownFileType = unknown; name = "poweredby@2x.png"; path = "poweredby@2x.png"; sourceTree = "<group>"; fileEncoding = 4; };
		51E3A9126E394B79BCE9E9E4 /* flashlight-turn-off-icon.png */ = {isa = PBXFileReference; lastKnownFileType = unknown; name = "flashlight-turn-off-icon.png"; path = "flashlight-turn-off-icon.png"; sourceTree = "<group>"; fileEncoding = 4; };
		EDF7CB277DE7462BBE165E32 /* flashlight-turn-off-icon@2x.png */ = {isa = PBXFileReference; lastKnownFileType = unknown; name = "flashlight-turn-off-icon@2x.png"; path = "flashlight-turn-off-icon@2x.png"; sourceTree = "<group>"; fileEncoding = 4; };
		0543209D92DB4E4FABC785C6 /* flashlight-turn-on-icon.png */ = {isa = PBXFileReference; lastKnownFileType = unknown; name = "flashlight-turn-on-icon.png"; path = "flashlight-turn-on-icon.png"; sourceTree = "<group>"; fileEncoding = 4; };
		841AF3E36C0F49F1A59B5FBA /* flashlight-turn-on-icon@2x.png */ = {isa = PBXFileReference; lastKnownFileType = unknown; name = "flashlight-turn-on-icon@2x.png"; path = "flashlight-turn-on-icon@2x.png"; sourceTree = "<group>"; fileEncoding = 4; };
		6B8D7C7ACB964C2D8FFF91A2 /* flashlight-turn-off-icon-pressed.png */ = {isa = PBXFileReference; lastKnownFileType = unknown; name = "flashlight-turn-off-icon-pressed.png"; path = "flashlight-turn-off-icon-pressed.png"; sourceTree = "<group>"; fileEncoding = 4; };
		61987ED7C1364E47B0D1FEB5 /* flashlight-turn-off-icon-pressed@2x.png */ = {isa = PBXFileReference; lastKnownFileType = unknown; name = "flashlight-turn-off-icon-pressed@2x.png"; path = "flashlight-turn-off-icon-pressed@2x.png"; sourceTree = "<group>"; fileEncoding = 4; };
		3382228D67A94C2C98D2EE5F /* flashlight-turn-on-icon-pressed.png */ = {isa = PBXFileReference; lastKnownFileType = unknown; name = "flashlight-turn-on-icon-pressed.png"; path = "flashlight-turn-on-icon-pressed.png"; sourceTree = "<group>"; fileEncoding = 4; };
		5595B84BAC8442B3AB980D78 /* flashlight-turn-on-icon-pressed@2x.png */ = {isa = PBXFileReference; lastKnownFileType = unknown; name = "flashlight-turn-on-icon-pressed@2x.png"; path = "flashlight-turn-on-icon-pressed@2x.png"; sourceTree = "<group>"; fileEncoding = 4; };
		0156665D28DB4340972363EA /* camera-swap-icon-pressed.png */ = {isa = PBXFileReference; lastKnownFileType = unknown; name = "camera-swap-icon-pressed.png"; path = "camera-swap-icon-pressed.png"; sourceTree = "<group>"; fileEncoding = 4; };
		D203CB29E9EC499A81D3146A /* camera-swap-icon-pressed@2x.png */ = {isa = PBXFileReference; lastKnownFileType = unknown; name = "camera-swap-icon-pressed@2x.png"; path = "camera-swap-icon-pressed@2x.png"; sourceTree = "<group>"; fileEncoding = 4; };
		22552BD185904C8DB930C328 /* camera-swap-icon.png */ = {isa = PBXFileReference; lastKnownFileType = unknown; name = "camera-swap-icon.png"; path = "camera-swap-icon.png"; sourceTree = "<group>"; fileEncoding = 4; };
		5419B0C6010347BF8F8C99DA /* camera-swap-icon@2x.png */ = {isa = PBXFileReference; lastKnownFileType = unknown; name = "camera-swap-icon@2x.png"; path = "camera-swap-icon@2x.png"; sourceTree = "<group>"; fileEncoding = 4; };
		FFEE608EA1BA423E9CCB34F2 /* AudioToolbox.framework */ = {isa = PBXFileReference; lastKnownFileType = wrapper.framework; name = "AudioToolbox.framework"; path = "System/Library/Frameworks/AudioToolbox.framework"; sourceTree = SDKROOT; fileEncoding = 4; };
		460FDABDEE5D4771BC250841 /* AVFoundation.framework */ = {isa = PBXFileReference; lastKnownFileType = wrapper.framework; name = "AVFoundation.framework"; path = "System/Library/Frameworks/AVFoundation.framework"; sourceTree = SDKROOT; fileEncoding = 4; };
		B4D0253536654012AEB4577E /* CoreMedia.framework */ = {isa = PBXFileReference; lastKnownFileType = wrapper.framework; name = "CoreMedia.framework"; path = "System/Library/Frameworks/CoreMedia.framework"; sourceTree = SDKROOT; fileEncoding = 4; };
		925E825F8858494AB395798E /* CoreVideo.framework */ = {isa = PBXFileReference; lastKnownFileType = wrapper.framework; name = "CoreVideo.framework"; path = "System/Library/Frameworks/CoreVideo.framework"; sourceTree = SDKROOT; fileEncoding = 4; };
		349ECD1470A047E3826CA1DB /* QuartzCore.framework */ = {isa = PBXFileReference; lastKnownFileType = wrapper.framework; name = "QuartzCore.framework"; path = "System/Library/Frameworks/QuartzCore.framework"; sourceTree = SDKROOT; fileEncoding = 4; };
		E7E1A0DB401F476F815FDDD2 /* SystemConfiguration.framework */ = {isa = PBXFileReference; lastKnownFileType = wrapper.framework; name = "SystemConfiguration.framework"; path = "System/Library/Frameworks/SystemConfiguration.framework"; sourceTree = SDKROOT; fileEncoding = 4; };
		2903D578F5D349CAAA9865B3 /* libiconv.dylib */ = {isa = PBXFileReference; lastKnownFileType = "compiled.mach-o.dylib"; name = "libiconv.dylib"; path = "usr/lib/libiconv.dylib"; sourceTree = SDKROOT; fileEncoding = 4; };
		1DF0DA59CB044BB4902CBBD7 /* libz.dylib */ = {isa = PBXFileReference; lastKnownFileType = "compiled.mach-o.dylib"; name = "libz.dylib"; path = "usr/lib/libz.dylib"; sourceTree = SDKROOT; fileEncoding = 4; };
		12986D92EBEB445E914E69AB /* libc++.dylib */ = {isa = PBXFileReference; lastKnownFileType = "compiled.mach-o.dylib"; name = "libc++.dylib"; path = "usr/lib/libc++.dylib"; sourceTree = SDKROOT; fileEncoding = 4; };
/* End PBXFileReference section */

/* Begin PBXFrameworksBuildPhase section */
		1D60588F0D05DD3D006BFB54 /* Frameworks */ = {
			isa = PBXFrameworksBuildPhase;
			buildActionMask = 2147483647;
			files = (
				5B1594DD16A7569C00FEF299 /* AssetsLibrary.framework in Frameworks */,
				301BF552109A68D80062928A /* libCordova.a in Frameworks */,
				288765FD0DF74451002DB57D /* CoreGraphics.framework in Frameworks */,
				305D5FD1115AB8F900A74A75 /* MobileCoreServices.framework in Frameworks */,
				5AEE5B35173C68D80009041E /* CoreLocation.framework in Frameworks */,
				4DD54906608C42B492D573F2 /* libscanditsdk-iphone-3.2.1.a in Frameworks */,
				F8AE53E7AFEF474B9067170F /* AudioToolbox.framework in Frameworks */,
				BBA3664AFB6A4FCF80B34442 /* AVFoundation.framework in Frameworks */,
				CE5EB27B25454B05983D05FB /* CoreMedia.framework in Frameworks */,
				69050A3FB82349B88944A414 /* CoreVideo.framework in Frameworks */,
				4F682D60D2064ED7BFD8B061 /* QuartzCore.framework in Frameworks */,
				5337BCC44A3D4CAAA9452974 /* SystemConfiguration.framework in Frameworks */,
				A7A7B3AA116A4CBE932961EE /* libiconv.dylib in Frameworks */,
				26B50B1124154542B0235968 /* libz.dylib in Frameworks */,
				2E058D9C63AA484CAC83792B /* libc++.dylib in Frameworks */,
			);
			runOnlyForDeploymentPostprocessing = 0;
		};
/* End PBXFrameworksBuildPhase section */

/* Begin PBXGroup section */
		080E96DDFE201D6D7F000001 /* Classes */ = {
			isa = PBXGroup;
			children = (
				302D95EE14D2391D003F00A1 /* MainViewController.h */,
				302D95EF14D2391D003F00A1 /* MainViewController.m */,
				302D95F014D2391D003F00A1 /* MainViewController.xib */,
				1D3623240D0F684500981E51 /* AppDelegate.h */,
				1D3623250D0F684500981E51 /* AppDelegate.m */,
			);
			name = Classes;
			path = "CommonPot2/Classes";
			sourceTree = SOURCE_ROOT;
		};
		19C28FACFE9D520D11CA2CBB /* Products */ = {
			isa = PBXGroup;
			children = (
				1D6058910D05DD3D006BFB54 /* CommonPot2.app */,
			);
			name = Products;
			sourceTree = "<group>";
		};
		1F766FDB13BBADB100FB74C0 /* en.lproj */ = {
			isa = PBXGroup;
			children = (
				1F766FDC13BBADB100FB74C0 /* Localizable.strings */,
			);
			path = en.lproj;
			sourceTree = "<group>";
		};
		1F766FDE13BBADB100FB74C0 /* es.lproj */ = {
			isa = PBXGroup;
			children = (
				1F766FDF13BBADB100FB74C0 /* Localizable.strings */,
			);
			path = es.lproj;
			sourceTree = "<group>";
		};
		29B97314FDCFA39411CA2CEA /* CustomTemplate */ = {
			isa = PBXGroup;
			children = (
				EB87FDF41871DAF40020F90C /* config.xml */,
				EB87FDF31871DA8E0020F90C /* www */,
				EB87FDF21871DA7A0020F90C /* merges */,
				EB87FDF11871DA420020F90C /* Staging */,
				301BF52D109A57CC0062928A /* CordovaLib.xcodeproj */,
				080E96DDFE201D6D7F000001 /* Classes */,
				307C750510C5A3420062BCA9 /* Plugins */,
				29B97315FDCFA39411CA2CEA /* Other Sources */,
				29B97317FDCFA39411CA2CEA /* Resources */,
				29B97323FDCFA39411CA2CEA /* Frameworks */,
				19C28FACFE9D520D11CA2CBB /* Products */,
			);
			name = CustomTemplate;
			sourceTree = "<group>";
		};
		29B97315FDCFA39411CA2CEA /* Other Sources */ = {
			isa = PBXGroup;
			children = (
				32CA4F630368D1EE00C91783 /* CommonPot2-Prefix.pch */,
				29B97316FDCFA39411CA2CEA /* main.m */,
			);
			name = "Other Sources";
			path = "CommonPot2";
			sourceTree = "<group>";
		};
		29B97317FDCFA39411CA2CEA /* Resources */ = {
			isa = PBXGroup;
			children = (
				30A0434214DC770100060A13 /* de.lproj */,
				30A0434514DC770100060A13 /* se.lproj */,
				1F766FDB13BBADB100FB74C0 /* en.lproj */,
				1F766FDE13BBADB100FB74C0 /* es.lproj */,
				308D052D1370CCF300D202BF /* icons */,
				308D05311370CCF300D202BF /* splash */,
				8D1107310486CEB800E47090 /* CommonPot2-Info.plist */,
				530E10C401624A51B3160548 /* beep.wav */,
				A3B28B3D35C549C189FA29F5 /* empty.cpp */,
				9C36A6753B9F49C3AD449C0B /* poweredby.png */,
				27F059185D2A4FCCB7A2C270 /* poweredby@2x.png */,
				51E3A9126E394B79BCE9E9E4 /* flashlight-turn-off-icon.png */,
				EDF7CB277DE7462BBE165E32 /* flashlight-turn-off-icon@2x.png */,
				0543209D92DB4E4FABC785C6 /* flashlight-turn-on-icon.png */,
				841AF3E36C0F49F1A59B5FBA /* flashlight-turn-on-icon@2x.png */,
				6B8D7C7ACB964C2D8FFF91A2 /* flashlight-turn-off-icon-pressed.png */,
				61987ED7C1364E47B0D1FEB5 /* flashlight-turn-off-icon-pressed@2x.png */,
				3382228D67A94C2C98D2EE5F /* flashlight-turn-on-icon-pressed.png */,
				5595B84BAC8442B3AB980D78 /* flashlight-turn-on-icon-pressed@2x.png */,
				0156665D28DB4340972363EA /* camera-swap-icon-pressed.png */,
				D203CB29E9EC499A81D3146A /* camera-swap-icon-pressed@2x.png */,
				22552BD185904C8DB930C328 /* camera-swap-icon.png */,
				5419B0C6010347BF8F8C99DA /* camera-swap-icon@2x.png */,
			);
			name = Resources;
			path = "CommonPot2/Resources";
			sourceTree = "<group>";
		};
		29B97323FDCFA39411CA2CEA /* Frameworks */ = {
			isa = PBXGroup;
			children = (
				5AEE5B34173C68D80009041E /* CoreLocation.framework */,
				5B1594DC16A7569C00FEF299 /* AssetsLibrary.framework */,
				288765FC0DF74451002DB57D /* CoreGraphics.framework */,
				305D5FD0115AB8F900A74A75 /* MobileCoreServices.framework */,
				C09C8D47516F4444955B8DD0 /* libscanditsdk-iphone-3.2.1.a */,
				FFEE608EA1BA423E9CCB34F2 /* AudioToolbox.framework */,
				460FDABDEE5D4771BC250841 /* AVFoundation.framework */,
				B4D0253536654012AEB4577E /* CoreMedia.framework */,
				925E825F8858494AB395798E /* CoreVideo.framework */,
				349ECD1470A047E3826CA1DB /* QuartzCore.framework */,
				E7E1A0DB401F476F815FDDD2 /* SystemConfiguration.framework */,
				2903D578F5D349CAAA9865B3 /* libiconv.dylib */,
				1DF0DA59CB044BB4902CBBD7 /* libz.dylib */,
				12986D92EBEB445E914E69AB /* libc++.dylib */,
			);
			name = Frameworks;
			sourceTree = "<group>";
		};
		301BF52E109A57CC0062928A /* Products */ = {
			isa = PBXGroup;
			children = (
				301BF535109A57CC0062928A /* libCordova.a */,
			);
			name = Products;
			sourceTree = "<group>";
		};
		307C750510C5A3420062BCA9 /* Plugins */ = {
			isa = PBXGroup;
			children = (
				E32E59D756A04E4097186163 /* CDVLogger.m */,
				216EFD68A12D422EB09C7C58 /* CDVLogger.h */,
				A799738A318347C0B6C0FF4E /* CDVDevice.m */,
				2829D69E96A340E88F35E03A /* CDVDevice.h */,
				85BCF1C1E4CC4760ACAB223C /* CDVStatusBar.m */,
				302C3E288C2F4B45BE8668E3 /* CDVStatusBar.h */,
				2E82595FF50848F8881238BD /* ScanditSDK.mm */,
				D336B7D9F5124458B17E28E1 /* ScanditSDKRotatingBarcodePicker.m */,
				4887AACB8E4F4BFEBF74D79E /* ScanditSDKBarcodePicker.h */,
				6457CF6B7C0542B09ADD23C1 /* ScanditSDKOverlayController.h */,
				3C6D912CAAEA47DF83785FE2 /* ScanditSDK.h */,
				F2E76909165F47408F8BC17A /* ScanditSDKRotatingBarcodePicker.h */,
			);
			name = Plugins;
			path = "CommonPot2/Plugins";
			sourceTree = SOURCE_ROOT;
		};
		308D052D1370CCF300D202BF /* icons */ = {
			isa = PBXGroup;
			children = (
				7E7966D41810823500FA85AD /* icon-40.png */,
				7E7966D51810823500FA85AD /* icon-40@2x.png */,
				7E7966D61810823500FA85AD /* icon-50.png */,
				7E7966D71810823500FA85AD /* icon-50@2x.png */,
				7E7966D81810823500FA85AD /* icon-60.png */,
				7E7966D91810823500FA85AD /* icon-60@2x.png */,
				7E7966DA1810823500FA85AD /* icon-76.png */,
				7E7966DB1810823500FA85AD /* icon-76@2x.png */,
				7E7966DC1810823500FA85AD /* icon-small.png */,
				7E7966DD1810823500FA85AD /* icon-small@2x.png */,
				30FC414816E50CA1004E6F35 /* icon-72@2x.png */,
				308D052E1370CCF300D202BF /* icon-72.png */,
				308D052F1370CCF300D202BF /* icon.png */,
				308D05301370CCF300D202BF /* icon@2x.png */,
			);
			path = icons;
			sourceTree = "<group>";
		};
		308D05311370CCF300D202BF /* splash */ = {
			isa = PBXGroup;
			children = (
				D4A0D8751607E02300AEF8BB /* Default-568h@2x~iphone.png */,
				3088BBB7154F3926009F9C59 /* Default-Landscape@2x~ipad.png */,
				3088BBB8154F3926009F9C59 /* Default-Landscape~ipad.png */,
				3088BBB9154F3926009F9C59 /* Default-Portrait@2x~ipad.png */,
				3088BBBA154F3926009F9C59 /* Default-Portrait~ipad.png */,
				3088BBBB154F3926009F9C59 /* Default@2x~iphone.png */,
				3088BBBC154F3926009F9C59 /* Default~iphone.png */,
			);
			path = splash;
			sourceTree = "<group>";
		};
		30A0434214DC770100060A13 /* de.lproj */ = {
			isa = PBXGroup;
			children = (
				30A0434314DC770100060A13 /* Localizable.strings */,
			);
			path = de.lproj;
			sourceTree = "<group>";
		};
		30A0434514DC770100060A13 /* se.lproj */ = {
			isa = PBXGroup;
			children = (
				30A0434614DC770100060A13 /* Localizable.strings */,
			);
			path = se.lproj;
			sourceTree = "<group>";
		};
		EB87FDF11871DA420020F90C /* Staging */ = {
			isa = PBXGroup;
			children = (
				F840E1F0165FE0F500CFE078 /* config.xml */,
				301BF56E109A69640062928A /* www */,
			);
			name = Staging;
			sourceTree = "<group>";
		};
/* End PBXGroup section */

/* Begin PBXNativeTarget section */
		1D6058900D05DD3D006BFB54 /* CommonPot2 */ = {
			isa = PBXNativeTarget;
			buildConfigurationList = 1D6058960D05DD3E006BFB54 /* Build configuration list for PBXNativeTarget "CommonPot2" */;
			buildPhases = (
				304B58A110DAC018002A0835 /* Copy www directory */,
				1D60588D0D05DD3D006BFB54 /* Resources */,
				1D60588E0D05DD3D006BFB54 /* Sources */,
				1D60588F0D05DD3D006BFB54 /* Frameworks */,
			);
			buildRules = (
			);
			dependencies = (
				301BF551109A68C00062928A /* PBXTargetDependency */,
			);
			name = "CommonPot2";
			productName = "CommonPot2";
			productReference = 1D6058910D05DD3D006BFB54 /* CommonPot2.app */;
			productType = "com.apple.product-type.application";
		};
/* End PBXNativeTarget section */

/* Begin PBXProject section */
		29B97313FDCFA39411CA2CEA /* Project object */ = {
			isa = PBXProject;
			attributes = {
				LastUpgradeCheck = 510;
			};
			buildConfigurationList = C01FCF4E08A954540054247B /* Build configuration list for PBXProject "__CLI__" */;
			compatibilityVersion = "Xcode 3.2";
			developmentRegion = English;
			hasScannedForEncodings = 1;
			knownRegions = (
				English,
				Japanese,
				French,
				German,
				en,
				es,
				de,
				se,
			);
			mainGroup = 29B97314FDCFA39411CA2CEA /* CustomTemplate */;
			projectDirPath = "";
			projectReferences = (
				{
					ProductGroup = 301BF52E109A57CC0062928A /* Products */;
					ProjectRef = 301BF52D109A57CC0062928A /* CordovaLib.xcodeproj */;
				},
			);
			projectRoot = "";
			targets = (
				1D6058900D05DD3D006BFB54 /* CommonPot2 */,
			);
		};
/* End PBXProject section */

/* Begin PBXReferenceProxy section */
		301BF535109A57CC0062928A /* libCordova.a */ = {
			isa = PBXReferenceProxy;
			fileType = archive.ar;
			path = libCordova.a;
			remoteRef = 301BF534109A57CC0062928A /* PBXContainerItemProxy */;
			sourceTree = BUILT_PRODUCTS_DIR;
		};
/* End PBXReferenceProxy section */

/* Begin PBXResourcesBuildPhase section */
		1D60588D0D05DD3D006BFB54 /* Resources */ = {
			isa = PBXResourcesBuildPhase;
			buildActionMask = 2147483647;
			files = (
				7E7966E41810823500FA85AD /* icon-76.png in Resources */,
				7E7966DF1810823500FA85AD /* icon-40@2x.png in Resources */,
				308D05371370CCF300D202BF /* icon-72.png in Resources */,
				308D05381370CCF300D202BF /* icon.png in Resources */,
				308D05391370CCF300D202BF /* icon@2x.png in Resources */,
				1F766FE113BBADB100FB74C0 /* Localizable.strings in Resources */,
				302D95F214D2391D003F00A1 /* MainViewController.xib in Resources */,
				7E7966E01810823500FA85AD /* icon-50.png in Resources */,
				7E7966E31810823500FA85AD /* icon-60@2x.png in Resources */,
				30A0434814DC770100060A13 /* Localizable.strings in Resources */,
				7E7966E61810823500FA85AD /* icon-small.png in Resources */,
				3088BBBD154F3926009F9C59 /* Default-Landscape@2x~ipad.png in Resources */,
				3088BBBE154F3926009F9C59 /* Default-Landscape~ipad.png in Resources */,
				3088BBBF154F3926009F9C59 /* Default-Portrait@2x~ipad.png in Resources */,
				7E7966E71810823500FA85AD /* icon-small@2x.png in Resources */,
				3088BBC0154F3926009F9C59 /* Default-Portrait~ipad.png in Resources */,
				7E7966DE1810823500FA85AD /* icon-40.png in Resources */,
				3088BBC1154F3926009F9C59 /* Default@2x~iphone.png in Resources */,
				7E7966E21810823500FA85AD /* icon-60.png in Resources */,
				3088BBC2154F3926009F9C59 /* Default~iphone.png in Resources */,
				D4A0D8761607E02300AEF8BB /* Default-568h@2x~iphone.png in Resources */,
				7E7966E11810823500FA85AD /* icon-50@2x.png in Resources */,
				7E7966E51810823500FA85AD /* icon-76@2x.png in Resources */,
				30FC414916E50CA1004E6F35 /* icon-72@2x.png in Resources */,
				2DF47163159A42E991577F7E /* beep.wav in Resources */,
				94F941575949476FA00BCF9D /* empty.cpp in Resources */,
				5B5CC0DF98CE4639AD2CF7E0 /* poweredby.png in Resources */,
				1A53A0A8C0584899B73915A1 /* poweredby@2x.png in Resources */,
				D0A320B175B0450398CDFA2D /* flashlight-turn-off-icon.png in Resources */,
				A543B0D5CC0D4F598A07ADB9 /* flashlight-turn-off-icon@2x.png in Resources */,
				2AD9573B42E14ECC83C0EA08 /* flashlight-turn-on-icon.png in Resources */,
				DBBDE50DF44F4CE4A38E2438 /* flashlight-turn-on-icon@2x.png in Resources */,
				FC5E428FB9974396B92AABAB /* flashlight-turn-off-icon-pressed.png in Resources */,
				061A6B11806B48EB8FCE1909 /* flashlight-turn-off-icon-pressed@2x.png in Resources */,
				AEA361E27EF14404B58345F5 /* flashlight-turn-on-icon-pressed.png in Resources */,
				5B74ED38B93843E6966BC0F6 /* flashlight-turn-on-icon-pressed@2x.png in Resources */,
				128F1CFCC8BA43BEBF5F140E /* camera-swap-icon-pressed.png in Resources */,
				440800B0847C4E36AF3FB2DF /* camera-swap-icon-pressed@2x.png in Resources */,
				460E39E05CC04F54A4F7A294 /* camera-swap-icon.png in Resources */,
				E2C3726704254648947745D5 /* camera-swap-icon@2x.png in Resources */,
			);
			runOnlyForDeploymentPostprocessing = 0;
		};
/* End PBXResourcesBuildPhase section */

/* Begin PBXShellScriptBuildPhase section */
		304B58A110DAC018002A0835 /* Copy www directory */ = {
			isa = PBXShellScriptBuildPhase;
			buildActionMask = 2147483647;
			files = (
			);
			inputPaths = (
			);
			name = "Copy www directory";
			outputPaths = (
			);
			runOnlyForDeploymentPostprocessing = 0;
			shellPath = /bin/sh;
			shellScript = "cordova/lib/copy-www-build-step.sh";
			showEnvVarsInLog = 0;
		};
/* End PBXShellScriptBuildPhase section */

/* Begin PBXSourcesBuildPhase section */
		1D60588E0D05DD3D006BFB54 /* Sources */ = {
			isa = PBXSourcesBuildPhase;
			buildActionMask = 2147483647;
			files = (
				1D60589B0D05DD56006BFB54 /* main.m in Sources */,
				1D3623260D0F684500981E51 /* AppDelegate.m in Sources */,
				302D95F114D2391D003F00A1 /* MainViewController.m in Sources */,
				D9F418D47F4F4AFDA16D79C9 /* CDVLogger.m in Sources */,
				F8BC4754ACB140BBA3C2A2E4 /* CDVDevice.m in Sources */,
				2FACD65C19E749928F375103 /* CDVStatusBar.m in Sources */,
				08CC382098684BA6848DE5F0 /* ScanditSDK.mm in Resources */,
				0DEB86C02CC548A2B354A6D5 /* ScanditSDKRotatingBarcodePicker.m in Sources */,
			);
			runOnlyForDeploymentPostprocessing = 0;
		};
/* End PBXSourcesBuildPhase section */

/* Begin PBXTargetDependency section */
		301BF551109A68C00062928A /* PBXTargetDependency */ = {
			isa = PBXTargetDependency;
			name = CordovaLib;
			targetProxy = 301BF550109A68C00062928A /* PBXContainerItemProxy */;
		};
/* End PBXTargetDependency section */

/* Begin PBXVariantGroup section */
		1F766FDC13BBADB100FB74C0 /* Localizable.strings */ = {
			isa = PBXVariantGroup;
			children = (
				1F766FDD13BBADB100FB74C0 /* en */,
			);
			name = Localizable.strings;
			sourceTree = "<group>";
		};
		1F766FDF13BBADB100FB74C0 /* Localizable.strings */ = {
			isa = PBXVariantGroup;
			children = (
				1F766FE013BBADB100FB74C0 /* es */,
			);
			name = Localizable.strings;
			sourceTree = "<group>";
		};
		30A0434314DC770100060A13 /* Localizable.strings */ = {
			isa = PBXVariantGroup;
			children = (
				30A0434414DC770100060A13 /* de */,
			);
			name = Localizable.strings;
			sourceTree = "<group>";
		};
		30A0434614DC770100060A13 /* Localizable.strings */ = {
			isa = PBXVariantGroup;
			children = (
				30A0434714DC770100060A13 /* se */,
			);
			name = Localizable.strings;
			sourceTree = "<group>";
		};
/* End PBXVariantGroup section */

/* Begin XCBuildConfiguration section */
		1D6058940D05DD3E006BFB54 /* Debug */ = {
			isa = XCBuildConfiguration;
			buildSettings = {
				ALWAYS_SEARCH_USER_PATHS = NO;
				CLANG_ENABLE_OBJC_ARC = YES;
				COPY_PHASE_STRIP = NO;
				GCC_DYNAMIC_NO_PIC = NO;
				GCC_OPTIMIZATION_LEVEL = 0;
				GCC_PRECOMPILE_PREFIX_HEADER = YES;
				GCC_PREFIX_HEADER = "CommonPot2/CommonPot2-Prefix.pch";
				GCC_THUMB_SUPPORT = NO;
				GCC_VERSION = "";
				INFOPLIST_FILE = "CommonPot2/CommonPot2-Info.plist";
				IPHONEOS_DEPLOYMENT_TARGET = 6.0;
				OTHER_LDFLAGS = (
					"-weak_framework",
					CoreFoundation,
					"-weak_framework",
					UIKit,
					"-weak_framework",
					AVFoundation,
					"-weak_framework",
					CoreMedia,
					"-weak-lSystem",
					"-force_load",
					"\"$(BUILT_PRODUCTS_DIR)/libCordova.a\"",
					"-ObjC",
				);
				PRODUCT_NAME = "CommonPot2";
				TARGETED_DEVICE_FAMILY = "1,2";
				LIBRARY_SEARCH_PATHS = (
					"$(inherited)",
					"\"$(SRCROOT)/CommonPot2/Plugins/com.mirasense.scanditsdk.plugin/ScanditSDK\"",
				);
			};
			name = Debug;
		};
		1D6058950D05DD3E006BFB54 /* Release */ = {
			isa = XCBuildConfiguration;
			buildSettings = {
				ALWAYS_SEARCH_USER_PATHS = NO;
				CLANG_ENABLE_OBJC_ARC = YES;
				COPY_PHASE_STRIP = YES;
				GCC_PRECOMPILE_PREFIX_HEADER = YES;
				GCC_PREFIX_HEADER = "CommonPot2/CommonPot2-Prefix.pch";
				GCC_THUMB_SUPPORT = NO;
				GCC_VERSION = "";
				INFOPLIST_FILE = "CommonPot2/CommonPot2-Info.plist";
				IPHONEOS_DEPLOYMENT_TARGET = 6.0;
				OTHER_LDFLAGS = (
					"-weak_framework",
					CoreFoundation,
					"-weak_framework",
					UIKit,
					"-weak_framework",
					AVFoundation,
					"-weak_framework",
					CoreMedia,
					"-weak-lSystem",
					"-force_load",
					"\"$(BUILT_PRODUCTS_DIR)/libCordova.a\"",
					"-ObjC",
				);
				PRODUCT_NAME = "CommonPot2";
				TARGETED_DEVICE_FAMILY = "1,2";
				LIBRARY_SEARCH_PATHS = (
					"$(inherited)",
					"\"$(SRCROOT)/CommonPot2/Plugins/com.mirasense.scanditsdk.plugin/ScanditSDK\"",
				);
			};
			name = Release;
		};
		C01FCF4F08A954540054247B /* Debug */ = {
			isa = XCBuildConfiguration;
			buildSettings = {
				CLANG_ENABLE_OBJC_ARC = YES;
				CLANG_WARN_BOOL_CONVERSION = YES;
				CLANG_WARN_CONSTANT_CONVERSION = YES;
				CLANG_WARN_EMPTY_BODY = YES;
				CLANG_WARN_ENUM_CONVERSION = YES;
				CLANG_WARN_INT_CONVERSION = YES;
				CLANG_WARN__DUPLICATE_METHOD_MATCH = YES;
				"CODE_SIGN_IDENTITY[sdk=iphoneos*]" = "iPhone Developer";
				GCC_C_LANGUAGE_STANDARD = c99;
				GCC_THUMB_SUPPORT = NO;
				GCC_VERSION = "";
				GCC_WARN_ABOUT_RETURN_TYPE = YES;
				GCC_WARN_UNDECLARED_SELECTOR = YES;
				GCC_WARN_UNINITIALIZED_AUTOS = YES;
				GCC_WARN_UNUSED_FUNCTION = YES;
				GCC_WARN_UNUSED_VARIABLE = YES;
				HEADER_SEARCH_PATHS = (
					"\"$(TARGET_BUILD_DIR)/usr/local/lib/include\"",
					"\"$(OBJROOT)/UninstalledProducts/include\"",
					"\"$(BUILT_PRODUCTS_DIR)\"",
				);
				IPHONEOS_DEPLOYMENT_TARGET = 6.0;
				ONLY_ACTIVE_ARCH = YES;
				OTHER_LDFLAGS = (
					"-weak_framework",
					CoreFoundation,
					"-weak_framework",
					UIKit,
					"-weak_framework",
					AVFoundation,
					"-weak_framework",
					CoreMedia,
					"-weak-lSystem",
					"-force_load",
					"\"$(BUILT_PRODUCTS_DIR)/libCordova.a\"",
					"-ObjC",
				);
				SDKROOT = iphoneos;
				SKIP_INSTALL = NO;
				USER_HEADER_SEARCH_PATHS = "";
			};
			name = Debug;
		};
		C01FCF5008A954540054247B /* Release */ = {
			isa = XCBuildConfiguration;
			buildSettings = {
				CLANG_ENABLE_OBJC_ARC = YES;
				CLANG_WARN_BOOL_CONVERSION = YES;
				CLANG_WARN_CONSTANT_CONVERSION = YES;
				CLANG_WARN_EMPTY_BODY = YES;
				CLANG_WARN_ENUM_CONVERSION = YES;
				CLANG_WARN_INT_CONVERSION = YES;
				CLANG_WARN__DUPLICATE_METHOD_MATCH = YES;
				"CODE_SIGN_IDENTITY[sdk=iphoneos*]" = "iPhone Developer";
				GCC_C_LANGUAGE_STANDARD = c99;
				GCC_THUMB_SUPPORT = NO;
				GCC_VERSION = "";
				GCC_WARN_ABOUT_RETURN_TYPE = YES;
				GCC_WARN_UNDECLARED_SELECTOR = YES;
				GCC_WARN_UNINITIALIZED_AUTOS = YES;
				GCC_WARN_UNUSED_FUNCTION = YES;
				GCC_WARN_UNUSED_VARIABLE = YES;
				HEADER_SEARCH_PATHS = (
					"\"$(TARGET_BUILD_DIR)/usr/local/lib/include\"",
					"\"$(OBJROOT)/UninstalledProducts/include\"",
					"\"$(BUILT_PRODUCTS_DIR)\"",
				);
				IPHONEOS_DEPLOYMENT_TARGET = 6.0;
				OTHER_LDFLAGS = (
					"-weak_framework",
					CoreFoundation,
					"-weak_framework",
					UIKit,
					"-weak_framework",
					AVFoundation,
					"-weak_framework",
					CoreMedia,
					"-weak-lSystem",
					"-force_load",
					"\"$(BUILT_PRODUCTS_DIR)/libCordova.a\"",
					"-ObjC",
				);
				SDKROOT = iphoneos;
				SKIP_INSTALL = NO;
				USER_HEADER_SEARCH_PATHS = "";
			};
			name = Release;
		};
/* End XCBuildConfiguration section */

/* Begin XCConfigurationList section */
		1D6058960D05DD3E006BFB54 /* Build configuration list for PBXNativeTarget "CommonPot2" */ = {
			isa = XCConfigurationList;
			buildConfigurations = (
				1D6058940D05DD3E006BFB54 /* Debug */,
				1D6058950D05DD3E006BFB54 /* Release */,
			);
			defaultConfigurationIsVisible = 0;
			defaultConfigurationName = Release;
		};
		C01FCF4E08A954540054247B /* Build configuration list for PBXProject "__CLI__" */ = {
			isa = XCConfigurationList;
			buildConfigurations = (
				C01FCF4F08A954540054247B /* Debug */,
				C01FCF5008A954540054247B /* Release */,
			);
			defaultConfigurationIsVisible = 0;
			defaultConfigurationName = Release;
		};
/* End XCConfigurationList section */
	};
	rootObject = 29B97313FDCFA39411CA2CEA /* Project object */;
}
